
Microsoft Visual Studio Solution File, Format Version 12.00
# Visual Studio Version 16
VisualStudioVersion = 16.0.31019.35
MinimumVisualStudioVersion = 10.0.40219.1
Project("{FAE04EC0-301F-11D3-BF4B-00C04F79EFBC}") = "OdeToFood.Web", "OdeToFood.Web\OdeToFood.Web.csproj", "{589DAE76-853F-46B3-85A2-DF730BEBECAB}"
EndProject
Project("{FAE04EC0-301F-11D3-BF4B-00C04F79EFBC}") = "OdeToFood.Data", "OdeToFood.Data\OdeToFood.Data.csproj", "{459989BF-98BB-41E5-AE70-435CC6BD549A}"
EndProject
Global
	GlobalSection(SolutionConfigurationPlatforms) = preSolution
		Debug|Any CPU = Debug|Any CPU
		Release|Any CPU = Release|Any CPU
	EndGlobalSection
	GlobalSection(ProjectConfigurationPlatforms) = postSolution
		{589DAE76-853F-46B3-85A2-DF730BEBECAB}.Debug|Any CPU.ActiveCfg = Debug|Any CPU
		{589DAE76-853F-46B3-85A2-DF730BEBECAB}.Debug|Any CPU.Build.0 = Debug|Any CPU
		{589DAE76-853F-46B3-85A2-DF730BEBECAB}.Release|Any CPU.ActiveCfg = Release|Any CPU
		{589DAE76-853F-46B3-85A2-DF730BEBECAB}.Release|Any CPU.Build.0 = Release|Any CPU
		{459989BF-98BB-41E5-AE70-435CC6BD549A}.Debug|Any CPU.ActiveCfg = Debug|Any CPU
		{459989BF-98BB-41E5-AE70-435CC6BD549A}.Debug|Any CPU.Build.0 = Debug|Any CPU
		{459989BF-98BB-41E5-AE70-435CC6BD549A}.Release|Any CPU.ActiveCfg = Release|Any CPU
		{459989BF-98BB-41E5-AE70-435CC6BD549A}.Release|Any CPU.Build.0 = Release|Any CPU
	EndGlobalSection
	GlobalSection(SolutionProperties) = preSolution
		HideSolutionNode = FALSE
	EndGlobalSection
	GlobalSection(ExtensibilityGlobals) = postSolution
		SolutionGuid = {FAC8A8AD-BF87-47F3-BA46-1F27C8ED5EDB}
	EndGlobalSection
EndGlobal
